
Microsoft Visual Studio Solution File, Format Version 12.00
# Visual Studio Version 17
VisualStudioVersion = 17.6.33829.357
MinimumVisualStudioVersion = 10.0.40219.1
Project("{FAE04EC0-301F-11D3-BF4B-00C04F79EFBC}") = "While", "While.csproj", "{CF8D1ACB-F5F6-463F-8AD5-313FE23195E2}"
EndProject
Global
	GlobalSection(SolutionConfigurationPlatforms) = preSolution
		Debug|Any CPU = Debug|Any CPU
		Release|Any CPU = Release|Any CPU
	EndGlobalSection
	GlobalSection(ProjectConfigurationPlatforms) = postSolution
		{CF8D1ACB-F5F6-463F-8AD5-313FE23195E2}.Debug|Any CPU.ActiveCfg = Debug|Any CPU
		{CF8D1ACB-F5F6-463F-8AD5-313FE23195E2}.Debug|Any CPU.Build.0 = Debug|Any CPU
		{CF8D1ACB-F5F6-463F-8AD5-313FE23195E2}.Release|Any CPU.ActiveCfg = Release|Any CPU
		{CF8D1ACB-F5F6-463F-8AD5-313FE23195E2}.Release|Any CPU.Build.0 = Release|Any CPU
	EndGlobalSection
	GlobalSection(SolutionProperties) = preSolution
		HideSolutionNode = FALSE
	EndGlobalSection
	GlobalSection(ExtensibilityGlobals) = postSolution
		SolutionGuid = {D23C2D6B-945A-43CD-AB83-C21DF6FEA735}
	EndGlobalSection
EndGlobal
