
Microsoft Visual Studio Solution File, Format Version 12.00
# Visual Studio Version 17
VisualStudioVersion = 17.6.33829.357
MinimumVisualStudioVersion = 10.0.40219.1
Project("{2150E333-8FDC-42A3-9474-1A3956D46DE8}") = "Basics", "Basics", "{EA43C01E-F305-47FB-ACEA-CA1F68E9C9F4}"
EndProject
Project("{2150E333-8FDC-42A3-9474-1A3956D46DE8}") = "Operators", "Operators", "{002520E5-187D-47CE-B899-09D234C90FD3}"
EndProject
Project("{2150E333-8FDC-42A3-9474-1A3956D46DE8}") = "Objects", "Objects", "{AF050099-EC96-4657-A15E-61AE621D1798}"
EndProject
Project("{2150E333-8FDC-42A3-9474-1A3956D46DE8}") = "ControlFlow", "ControlFlow", "{B1BAF9D9-B42E-48DB-A766-0C062494C4F8}"
EndProject
Project("{9A19103F-16F7-4668-BE54-9A1E7A4F7556}") = "Arrays", "Basics\Arrays\Arrays.csproj", "{7CBEA53C-0AEB-4B0B-B56D-B6E2EDA45D28}"
EndProject
Project("{9A19103F-16F7-4668-BE54-9A1E7A4F7556}") = "ConsoleRead", "Basics\ConsoleRead\ConsoleRead.csproj", "{1065A594-F8E4-411C-B8B2-68E16F3CC90B}"
EndProject
Project("{9A19103F-16F7-4668-BE54-9A1E7A4F7556}") = "Constants", "Basics\Constants\Constants.csproj", "{E121D884-DDA1-4EE5-859E-FDFA1E3B8867}"
EndProject
Project("{9A19103F-16F7-4668-BE54-9A1E7A4F7556}") = "Enums", "Basics\Enums\Enums.csproj", "{02A58AD6-127E-40F4-A78D-E8C42023F699}"
EndProject
Project("{9A19103F-16F7-4668-BE54-9A1E7A4F7556}") = "HelloWorld", "Basics\HelloWorld\HelloWorld.csproj", "{A6EBC716-2495-433F-8D8E-B9DB7BA9B87B}"
EndProject
Project("{9A19103F-16F7-4668-BE54-9A1E7A4F7556}") = "NullableValueTypes", "Basics\NullableValueTypes\NullableValueTypes.csproj", "{4AA5364B-AC8F-4F0F-99AF-8C0D7AC08CFD}"
EndProject
Project("{9A19103F-16F7-4668-BE54-9A1E7A4F7556}") = "PrimitiveTypes", "Basics\PrimitiveTypes\PrimitiveTypes.csproj", "{CB11C98D-E0F9-4624-8E17-FF9BB64303F8}"
EndProject
Project("{9A19103F-16F7-4668-BE54-9A1E7A4F7556}") = "Variables", "Basics\Variables\Variables.csproj", "{F80E1318-FF9F-4145-9435-8E0627B41685}"
EndProject
Project("{9A19103F-16F7-4668-BE54-9A1E7A4F7556}") = "Arithmetic", "Operators\Arithmetic\Arithmetic.csproj", "{79DFF2D7-8A84-4B15-8716-63C77FD32FD7}"
EndProject
Project("{9A19103F-16F7-4668-BE54-9A1E7A4F7556}") = "Assigment", "Operators\Assigment\Assigment.csproj", "{18CBDF8F-325E-46E7-8A65-8ED4DC53DD33}"
EndProject
Project("{9A19103F-16F7-4668-BE54-9A1E7A4F7556}") = "Bitwise", "Operators\Bitwise\Bitwise.csproj", "{3A44BDAD-5938-4CC9-A20F-78704DF78C68}"
EndProject
Project("{9A19103F-16F7-4668-BE54-9A1E7A4F7556}") = "Comparison", "Operators\Comparison\Comparison.csproj", "{BD83B707-CE06-4739-8BA4-459344F2E2B5}"
EndProject
Project("{9A19103F-16F7-4668-BE54-9A1E7A4F7556}") = "Logical", "Operators\Logical\Logical.csproj", "{AD455FEF-40FD-46A8-85F5-7385985CEC5E}"
EndProject
Project("{9A19103F-16F7-4668-BE54-9A1E7A4F7556}") = "Terrary", "Operators\Terrary\Terrary.csproj", "{8E5F225B-2666-4208-BB6F-CFDCEAC4CE9F}"
EndProject
Project("{9A19103F-16F7-4668-BE54-9A1E7A4F7556}") = "For", "ControlFlow\For\For.csproj", "{67B61268-39D8-4D7F-8C1B-4C6270CBD00A}"
EndProject
Project("{9A19103F-16F7-4668-BE54-9A1E7A4F7556}") = "ForEach", "ControlFlow\ForEach\ForEach.csproj", "{AB74A48F-6542-4522-89FE-7ACC34520708}"
EndProject
Project("{9A19103F-16F7-4668-BE54-9A1E7A4F7556}") = "DoWhile", "ControlFlow\DoWhile\DoWhile.csproj", "{FEC5955B-5290-4998-87A5-1A2A7484CCAF}"
EndProject
Project("{9A19103F-16F7-4668-BE54-9A1E7A4F7556}") = "While", "ControlFlow\While\While.csproj", "{BE751E7C-5617-4431-B456-56BFFCBDD1E2}"
EndProject
Project("{9A19103F-16F7-4668-BE54-9A1E7A4F7556}") = "SwitchCase", "ControlFlow\SwitchCase\SwitchCase.csproj", "{53BF44CC-7920-4003-B016-89B4C9341A7C}"
EndProject
Project("{9A19103F-16F7-4668-BE54-9A1E7A4F7556}") = "IfElse", "ControlFlow\IfElse\IfElse.csproj", "{E0BC7EEC-07C7-40B5-BA7A-C0F8DD0D536E}"
EndProject
Project("{9A19103F-16F7-4668-BE54-9A1E7A4F7556}") = "ExerciseDemeritPoints", "ControlFlow\ExerciseDemeritPoints\ExerciseDemeritPoints.csproj", "{A9E14AB0-C8D8-4A82-993D-F557AD4E5B42}"
EndProject
Project("{9A19103F-16F7-4668-BE54-9A1E7A4F7556}") = "Structure", "Basics\Structure\Structure.csproj", "{09162B3C-7FE1-4301-B310-0F17AFC8BDA2}"
EndProject
Project("{2150E333-8FDC-42A3-9474-1A3956D46DE8}") = "Lists", "Lists", "{0EFA9686-B526-447D-9AE6-CD38DDC4B1E6}"
EndProject
Project("{9A19103F-16F7-4668-BE54-9A1E7A4F7556}") = "Lists", "List\Lists\Lists.csproj", "{150B5E86-5A17-4285-8CAF-FD8B1FA6DC3A}"
EndProject
Project("{9A19103F-16F7-4668-BE54-9A1E7A4F7556}") = "Functions", "Basics\Functions\Functions.csproj", "{C76F902A-AD9F-455B-9375-4415DC6FF36B}"
EndProject
Project("{9A19103F-16F7-4668-BE54-9A1E7A4F7556}") = "Objects", "Objects\Objects\Objects.csproj", "{183FCF9F-0A4C-4B18-8B20-AA567A5325B9}"
EndProject
Project("{9A19103F-16F7-4668-BE54-9A1E7A4F7556}") = "Exceptions", "Objects\Exceptions\Exceptions.csproj", "{2709AAAA-5D85-4925-BDA9-3CD5C44083D9}"
EndProject
Global
	GlobalSection(SolutionConfigurationPlatforms) = preSolution
		Debug|Any CPU = Debug|Any CPU
		Release|Any CPU = Release|Any CPU
	EndGlobalSection
	GlobalSection(ProjectConfigurationPlatforms) = postSolution
		{7CBEA53C-0AEB-4B0B-B56D-B6E2EDA45D28}.Debug|Any CPU.ActiveCfg = Debug|Any CPU
		{7CBEA53C-0AEB-4B0B-B56D-B6E2EDA45D28}.Debug|Any CPU.Build.0 = Debug|Any CPU
		{7CBEA53C-0AEB-4B0B-B56D-B6E2EDA45D28}.Release|Any CPU.ActiveCfg = Release|Any CPU
		{7CBEA53C-0AEB-4B0B-B56D-B6E2EDA45D28}.Release|Any CPU.Build.0 = Release|Any CPU
		{1065A594-F8E4-411C-B8B2-68E16F3CC90B}.Debug|Any CPU.ActiveCfg = Debug|Any CPU
		{1065A594-F8E4-411C-B8B2-68E16F3CC90B}.Debug|Any CPU.Build.0 = Debug|Any CPU
		{1065A594-F8E4-411C-B8B2-68E16F3CC90B}.Release|Any CPU.ActiveCfg = Release|Any CPU
		{1065A594-F8E4-411C-B8B2-68E16F3CC90B}.Release|Any CPU.Build.0 = Release|Any CPU
		{E121D884-DDA1-4EE5-859E-FDFA1E3B8867}.Debug|Any CPU.ActiveCfg = Debug|Any CPU
		{E121D884-DDA1-4EE5-859E-FDFA1E3B8867}.Debug|Any CPU.Build.0 = Debug|Any CPU
		{E121D884-DDA1-4EE5-859E-FDFA1E3B8867}.Release|Any CPU.ActiveCfg = Release|Any CPU
		{E121D884-DDA1-4EE5-859E-FDFA1E3B8867}.Release|Any CPU.Build.0 = Release|Any CPU
		{02A58AD6-127E-40F4-A78D-E8C42023F699}.Debug|Any CPU.ActiveCfg = Debug|Any CPU
		{02A58AD6-127E-40F4-A78D-E8C42023F699}.Debug|Any CPU.Build.0 = Debug|Any CPU
		{02A58AD6-127E-40F4-A78D-E8C42023F699}.Release|Any CPU.ActiveCfg = Release|Any CPU
		{02A58AD6-127E-40F4-A78D-E8C42023F699}.Release|Any CPU.Build.0 = Release|Any CPU
		{A6EBC716-2495-433F-8D8E-B9DB7BA9B87B}.Debug|Any CPU.ActiveCfg = Debug|Any CPU
		{A6EBC716-2495-433F-8D8E-B9DB7BA9B87B}.Debug|Any CPU.Build.0 = Debug|Any CPU
		{A6EBC716-2495-433F-8D8E-B9DB7BA9B87B}.Release|Any CPU.ActiveCfg = Release|Any CPU
		{A6EBC716-2495-433F-8D8E-B9DB7BA9B87B}.Release|Any CPU.Build.0 = Release|Any CPU
		{4AA5364B-AC8F-4F0F-99AF-8C0D7AC08CFD}.Debug|Any CPU.ActiveCfg = Debug|Any CPU
		{4AA5364B-AC8F-4F0F-99AF-8C0D7AC08CFD}.Debug|Any CPU.Build.0 = Debug|Any CPU
		{4AA5364B-AC8F-4F0F-99AF-8C0D7AC08CFD}.Release|Any CPU.ActiveCfg = Release|Any CPU
		{4AA5364B-AC8F-4F0F-99AF-8C0D7AC08CFD}.Release|Any CPU.Build.0 = Release|Any CPU
		{CB11C98D-E0F9-4624-8E17-FF9BB64303F8}.Debug|Any CPU.ActiveCfg = Debug|Any CPU
		{CB11C98D-E0F9-4624-8E17-FF9BB64303F8}.Debug|Any CPU.Build.0 = Debug|Any CPU
		{CB11C98D-E0F9-4624-8E17-FF9BB64303F8}.Release|Any CPU.ActiveCfg = Release|Any CPU
		{CB11C98D-E0F9-4624-8E17-FF9BB64303F8}.Release|Any CPU.Build.0 = Release|Any CPU
		{F80E1318-FF9F-4145-9435-8E0627B41685}.Debug|Any CPU.ActiveCfg = Debug|Any CPU
		{F80E1318-FF9F-4145-9435-8E0627B41685}.Debug|Any CPU.Build.0 = Debug|Any CPU
		{F80E1318-FF9F-4145-9435-8E0627B41685}.Release|Any CPU.ActiveCfg = Release|Any CPU
		{F80E1318-FF9F-4145-9435-8E0627B41685}.Release|Any CPU.Build.0 = Release|Any CPU
		{79DFF2D7-8A84-4B15-8716-63C77FD32FD7}.Debug|Any CPU.ActiveCfg = Debug|Any CPU
		{79DFF2D7-8A84-4B15-8716-63C77FD32FD7}.Debug|Any CPU.Build.0 = Debug|Any CPU
		{79DFF2D7-8A84-4B15-8716-63C77FD32FD7}.Release|Any CPU.ActiveCfg = Release|Any CPU
		{79DFF2D7-8A84-4B15-8716-63C77FD32FD7}.Release|Any CPU.Build.0 = Release|Any CPU
		{18CBDF8F-325E-46E7-8A65-8ED4DC53DD33}.Debug|Any CPU.ActiveCfg = Debug|Any CPU
		{18CBDF8F-325E-46E7-8A65-8ED4DC53DD33}.Debug|Any CPU.Build.0 = Debug|Any CPU
		{18CBDF8F-325E-46E7-8A65-8ED4DC53DD33}.Release|Any CPU.ActiveCfg = Release|Any CPU
		{18CBDF8F-325E-46E7-8A65-8ED4DC53DD33}.Release|Any CPU.Build.0 = Release|Any CPU
		{3A44BDAD-5938-4CC9-A20F-78704DF78C68}.Debug|Any CPU.ActiveCfg = Debug|Any CPU
		{3A44BDAD-5938-4CC9-A20F-78704DF78C68}.Debug|Any CPU.Build.0 = Debug|Any CPU
		{3A44BDAD-5938-4CC9-A20F-78704DF78C68}.Release|Any CPU.ActiveCfg = Release|Any CPU
		{3A44BDAD-5938-4CC9-A20F-78704DF78C68}.Release|Any CPU.Build.0 = Release|Any CPU
		{BD83B707-CE06-4739-8BA4-459344F2E2B5}.Debug|Any CPU.ActiveCfg = Debug|Any CPU
		{BD83B707-CE06-4739-8BA4-459344F2E2B5}.Debug|Any CPU.Build.0 = Debug|Any CPU
		{BD83B707-CE06-4739-8BA4-459344F2E2B5}.Release|Any CPU.ActiveCfg = Release|Any CPU
		{BD83B707-CE06-4739-8BA4-459344F2E2B5}.Release|Any CPU.Build.0 = Release|Any CPU
		{AD455FEF-40FD-46A8-85F5-7385985CEC5E}.Debug|Any CPU.ActiveCfg = Debug|Any CPU
		{AD455FEF-40FD-46A8-85F5-7385985CEC5E}.Debug|Any CPU.Build.0 = Debug|Any CPU
		{AD455FEF-40FD-46A8-85F5-7385985CEC5E}.Release|Any CPU.ActiveCfg = Release|Any CPU
		{AD455FEF-40FD-46A8-85F5-7385985CEC5E}.Release|Any CPU.Build.0 = Release|Any CPU
		{8E5F225B-2666-4208-BB6F-CFDCEAC4CE9F}.Debug|Any CPU.ActiveCfg = Debug|Any CPU
		{8E5F225B-2666-4208-BB6F-CFDCEAC4CE9F}.Debug|Any CPU.Build.0 = Debug|Any CPU
		{8E5F225B-2666-4208-BB6F-CFDCEAC4CE9F}.Release|Any CPU.ActiveCfg = Release|Any CPU
		{8E5F225B-2666-4208-BB6F-CFDCEAC4CE9F}.Release|Any CPU.Build.0 = Release|Any CPU
		{67B61268-39D8-4D7F-8C1B-4C6270CBD00A}.Debug|Any CPU.ActiveCfg = Debug|Any CPU
		{67B61268-39D8-4D7F-8C1B-4C6270CBD00A}.Debug|Any CPU.Build.0 = Debug|Any CPU
		{67B61268-39D8-4D7F-8C1B-4C6270CBD00A}.Release|Any CPU.ActiveCfg = Release|Any CPU
		{67B61268-39D8-4D7F-8C1B-4C6270CBD00A}.Release|Any CPU.Build.0 = Release|Any CPU
		{AB74A48F-6542-4522-89FE-7ACC34520708}.Debug|Any CPU.ActiveCfg = Debug|Any CPU
		{AB74A48F-6542-4522-89FE-7ACC34520708}.Debug|Any CPU.Build.0 = Debug|Any CPU
		{AB74A48F-6542-4522-89FE-7ACC34520708}.Release|Any CPU.ActiveCfg = Release|Any CPU
		{AB74A48F-6542-4522-89FE-7ACC34520708}.Release|Any CPU.Build.0 = Release|Any CPU
		{FEC5955B-5290-4998-87A5-1A2A7484CCAF}.Debug|Any CPU.ActiveCfg = Debug|Any CPU
		{FEC5955B-5290-4998-87A5-1A2A7484CCAF}.Debug|Any CPU.Build.0 = Debug|Any CPU
		{FEC5955B-5290-4998-87A5-1A2A7484CCAF}.Release|Any CPU.ActiveCfg = Release|Any CPU
		{FEC5955B-5290-4998-87A5-1A2A7484CCAF}.Release|Any CPU.Build.0 = Release|Any CPU
		{BE751E7C-5617-4431-B456-56BFFCBDD1E2}.Debug|Any CPU.ActiveCfg = Debug|Any CPU
		{BE751E7C-5617-4431-B456-56BFFCBDD1E2}.Debug|Any CPU.Build.0 = Debug|Any CPU
		{BE751E7C-5617-4431-B456-56BFFCBDD1E2}.Release|Any CPU.ActiveCfg = Release|Any CPU
		{BE751E7C-5617-4431-B456-56BFFCBDD1E2}.Release|Any CPU.Build.0 = Release|Any CPU
		{53BF44CC-7920-4003-B016-89B4C9341A7C}.Debug|Any CPU.ActiveCfg = Debug|Any CPU
		{53BF44CC-7920-4003-B016-89B4C9341A7C}.Debug|Any CPU.Build.0 = Debug|Any CPU
		{53BF44CC-7920-4003-B016-89B4C9341A7C}.Release|Any CPU.ActiveCfg = Release|Any CPU
		{53BF44CC-7920-4003-B016-89B4C9341A7C}.Release|Any CPU.Build.0 = Release|Any CPU
		{E0BC7EEC-07C7-40B5-BA7A-C0F8DD0D536E}.Debug|Any CPU.ActiveCfg = Debug|Any CPU
		{E0BC7EEC-07C7-40B5-BA7A-C0F8DD0D536E}.Debug|Any CPU.Build.0 = Debug|Any CPU
		{E0BC7EEC-07C7-40B5-BA7A-C0F8DD0D536E}.Release|Any CPU.ActiveCfg = Release|Any CPU
		{E0BC7EEC-07C7-40B5-BA7A-C0F8DD0D536E}.Release|Any CPU.Build.0 = Release|Any CPU
		{A9E14AB0-C8D8-4A82-993D-F557AD4E5B42}.Debug|Any CPU.ActiveCfg = Debug|Any CPU
		{A9E14AB0-C8D8-4A82-993D-F557AD4E5B42}.Debug|Any CPU.Build.0 = Debug|Any CPU
		{A9E14AB0-C8D8-4A82-993D-F557AD4E5B42}.Release|Any CPU.ActiveCfg = Release|Any CPU
		{A9E14AB0-C8D8-4A82-993D-F557AD4E5B42}.Release|Any CPU.Build.0 = Release|Any CPU
		{09162B3C-7FE1-4301-B310-0F17AFC8BDA2}.Debug|Any CPU.ActiveCfg = Debug|Any CPU
		{09162B3C-7FE1-4301-B310-0F17AFC8BDA2}.Debug|Any CPU.Build.0 = Debug|Any CPU
		{09162B3C-7FE1-4301-B310-0F17AFC8BDA2}.Release|Any CPU.ActiveCfg = Release|Any CPU
		{09162B3C-7FE1-4301-B310-0F17AFC8BDA2}.Release|Any CPU.Build.0 = Release|Any CPU
		{150B5E86-5A17-4285-8CAF-FD8B1FA6DC3A}.Debug|Any CPU.ActiveCfg = Debug|Any CPU
		{150B5E86-5A17-4285-8CAF-FD8B1FA6DC3A}.Debug|Any CPU.Build.0 = Debug|Any CPU
		{150B5E86-5A17-4285-8CAF-FD8B1FA6DC3A}.Release|Any CPU.ActiveCfg = Release|Any CPU
		{150B5E86-5A17-4285-8CAF-FD8B1FA6DC3A}.Release|Any CPU.Build.0 = Release|Any CPU
		{C76F902A-AD9F-455B-9375-4415DC6FF36B}.Debug|Any CPU.ActiveCfg = Debug|Any CPU
		{C76F902A-AD9F-455B-9375-4415DC6FF36B}.Debug|Any CPU.Build.0 = Debug|Any CPU
		{C76F902A-AD9F-455B-9375-4415DC6FF36B}.Release|Any CPU.ActiveCfg = Release|Any CPU
		{C76F902A-AD9F-455B-9375-4415DC6FF36B}.Release|Any CPU.Build.0 = Release|Any CPU
		{183FCF9F-0A4C-4B18-8B20-AA567A5325B9}.Debug|Any CPU.ActiveCfg = Debug|Any CPU
		{183FCF9F-0A4C-4B18-8B20-AA567A5325B9}.Debug|Any CPU.Build.0 = Debug|Any CPU
		{183FCF9F-0A4C-4B18-8B20-AA567A5325B9}.Release|Any CPU.ActiveCfg = Release|Any CPU
		{183FCF9F-0A4C-4B18-8B20-AA567A5325B9}.Release|Any CPU.Build.0 = Release|Any CPU
		{2709AAAA-5D85-4925-BDA9-3CD5C44083D9}.Debug|Any CPU.ActiveCfg = Debug|Any CPU
		{2709AAAA-5D85-4925-BDA9-3CD5C44083D9}.Debug|Any CPU.Build.0 = Debug|Any CPU
		{2709AAAA-5D85-4925-BDA9-3CD5C44083D9}.Release|Any CPU.ActiveCfg = Release|Any CPU
		{2709AAAA-5D85-4925-BDA9-3CD5C44083D9}.Release|Any CPU.Build.0 = Release|Any CPU
	EndGlobalSection
	GlobalSection(SolutionProperties) = preSolution
		HideSolutionNode = FALSE
	EndGlobalSection
	GlobalSection(NestedProjects) = preSolution
		{7CBEA53C-0AEB-4B0B-B56D-B6E2EDA45D28} = {EA43C01E-F305-47FB-ACEA-CA1F68E9C9F4}
		{1065A594-F8E4-411C-B8B2-68E16F3CC90B} = {EA43C01E-F305-47FB-ACEA-CA1F68E9C9F4}
		{E121D884-DDA1-4EE5-859E-FDFA1E3B8867} = {EA43C01E-F305-47FB-ACEA-CA1F68E9C9F4}
		{02A58AD6-127E-40F4-A78D-E8C42023F699} = {EA43C01E-F305-47FB-ACEA-CA1F68E9C9F4}
		{A6EBC716-2495-433F-8D8E-B9DB7BA9B87B} = {EA43C01E-F305-47FB-ACEA-CA1F68E9C9F4}
		{4AA5364B-AC8F-4F0F-99AF-8C0D7AC08CFD} = {EA43C01E-F305-47FB-ACEA-CA1F68E9C9F4}
		{CB11C98D-E0F9-4624-8E17-FF9BB64303F8} = {EA43C01E-F305-47FB-ACEA-CA1F68E9C9F4}
		{F80E1318-FF9F-4145-9435-8E0627B41685} = {EA43C01E-F305-47FB-ACEA-CA1F68E9C9F4}
		{79DFF2D7-8A84-4B15-8716-63C77FD32FD7} = {002520E5-187D-47CE-B899-09D234C90FD3}
		{18CBDF8F-325E-46E7-8A65-8ED4DC53DD33} = {002520E5-187D-47CE-B899-09D234C90FD3}
		{3A44BDAD-5938-4CC9-A20F-78704DF78C68} = {002520E5-187D-47CE-B899-09D234C90FD3}
		{BD83B707-CE06-4739-8BA4-459344F2E2B5} = {002520E5-187D-47CE-B899-09D234C90FD3}
		{AD455FEF-40FD-46A8-85F5-7385985CEC5E} = {002520E5-187D-47CE-B899-09D234C90FD3}
		{8E5F225B-2666-4208-BB6F-CFDCEAC4CE9F} = {002520E5-187D-47CE-B899-09D234C90FD3}
		{67B61268-39D8-4D7F-8C1B-4C6270CBD00A} = {B1BAF9D9-B42E-48DB-A766-0C062494C4F8}
		{AB74A48F-6542-4522-89FE-7ACC34520708} = {B1BAF9D9-B42E-48DB-A766-0C062494C4F8}
		{FEC5955B-5290-4998-87A5-1A2A7484CCAF} = {B1BAF9D9-B42E-48DB-A766-0C062494C4F8}
		{BE751E7C-5617-4431-B456-56BFFCBDD1E2} = {B1BAF9D9-B42E-48DB-A766-0C062494C4F8}
		{53BF44CC-7920-4003-B016-89B4C9341A7C} = {B1BAF9D9-B42E-48DB-A766-0C062494C4F8}
		{E0BC7EEC-07C7-40B5-BA7A-C0F8DD0D536E} = {B1BAF9D9-B42E-48DB-A766-0C062494C4F8}
		{A9E14AB0-C8D8-4A82-993D-F557AD4E5B42} = {B1BAF9D9-B42E-48DB-A766-0C062494C4F8}
		{09162B3C-7FE1-4301-B310-0F17AFC8BDA2} = {EA43C01E-F305-47FB-ACEA-CA1F68E9C9F4}
		{150B5E86-5A17-4285-8CAF-FD8B1FA6DC3A} = {0EFA9686-B526-447D-9AE6-CD38DDC4B1E6}
		{C76F902A-AD9F-455B-9375-4415DC6FF36B} = {EA43C01E-F305-47FB-ACEA-CA1F68E9C9F4}
		{183FCF9F-0A4C-4B18-8B20-AA567A5325B9} = {AF050099-EC96-4657-A15E-61AE621D1798}
		{2709AAAA-5D85-4925-BDA9-3CD5C44083D9} = {AF050099-EC96-4657-A15E-61AE621D1798}
	EndGlobalSection
	GlobalSection(ExtensibilityGlobals) = postSolution
		SolutionGuid = {2F244696-2987-494F-A5A2-172BC3972DC0}
	EndGlobalSection
EndGlobal
